
Microsoft Visual Studio Solution File, Format Version 12.00
# Visual Studio Version 17
VisualStudioVersion = 17.13.35825.156 d17.13
MinimumVisualStudioVersion = 10.0.40219.1
Project("{FAE04EC0-301F-11D3-BF4B-00C04F79EFBC}") = "Guess the word", "Guess the word\Guess the word.csproj", "{308607B1-E5A7-403C-8D48-06F167F682C0}"
EndProject
Global
	GlobalSection(SolutionConfigurationPlatforms) = preSolution
		Debug|Any CPU = Debug|Any CPU
		Release|Any CPU = Release|Any CPU
	EndGlobalSection
	GlobalSection(ProjectConfigurationPlatforms) = postSolution
		{308607B1-E5A7-403C-8D48-06F167F682C0}.Debug|Any CPU.ActiveCfg = Debug|Any CPU
		{308607B1-E5A7-403C-8D48-06F167F682C0}.Debug|Any CPU.Build.0 = Debug|Any CPU
		{308607B1-E5A7-403C-8D48-06F167F682C0}.Release|Any CPU.ActiveCfg = Release|Any CPU
		{308607B1-E5A7-403C-8D48-06F167F682C0}.Release|Any CPU.Build.0 = Release|Any CPU
	EndGlobalSection
	GlobalSection(SolutionProperties) = preSolution
		HideSolutionNode = FALSE
	EndGlobalSection
	GlobalSection(ExtensibilityGlobals) = postSolution
		SolutionGuid = {1C61D9D2-25D4-4AE1-ABF4-96C41D839FEA}
	EndGlobalSection
EndGlobal
